
Microsoft Visual Studio Solution File, Format Version 12.00
# Visual Studio 15
VisualStudioVersion = 15.0.28307.136
MinimumVisualStudioVersion = 10.0.40219.1
Project("{8BC9CEB8-8B4A-11D0-8D11-00A0C91BC942}") = "Connect4", "Connect4\Connect4.vcxproj", "{4523EE90-62B0-4A81-B09D-208E9001D7F5}"
EndProject
Global
	GlobalSection(SolutionConfigurationPlatforms) = preSolution
		Debug|x64 = Debug|x64
		Debug|x86 = Debug|x86
		Release|x64 = Release|x64
		Release|x86 = Release|x86
	EndGlobalSection
	GlobalSection(ProjectConfigurationPlatforms) = postSolution
		{4523EE90-62B0-4A81-B09D-208E9001D7F5}.Debug|x64.ActiveCfg = Debug|x64
		{4523EE90-62B0-4A81-B09D-208E9001D7F5}.Debug|x64.Build.0 = Debug|x64
		{4523EE90-62B0-4A81-B09D-208E9001D7F5}.Debug|x86.ActiveCfg = Debug|Win32
		{4523EE90-62B0-4A81-B09D-208E9001D7F5}.Debug|x86.Build.0 = Debug|Win32
		{4523EE90-62B0-4A81-B09D-208E9001D7F5}.Release|x64.ActiveCfg = Release|x64
		{4523EE90-62B0-4A81-B09D-208E9001D7F5}.Release|x64.Build.0 = Release|x64
		{4523EE90-62B0-4A81-B09D-208E9001D7F5}.Release|x86.ActiveCfg = Release|Win32
		{4523EE90-62B0-4A81-B09D-208E9001D7F5}.Release|x86.Build.0 = Release|Win32
	EndGlobalSection
	GlobalSection(SolutionProperties) = preSolution
		HideSolutionNode = FALSE
	EndGlobalSection
	GlobalSection(ExtensibilityGlobals) = postSolution
		SolutionGuid = {2F306F1E-F9D5-48B4-9374-BA5976311D1E}
	EndGlobalSection
EndGlobal
